// !$*UTF8*$!
{
	archiveVersion = 1;
	classes = {
	};
	objectVersion = 46;
	objects = {

/* Begin PBXBuildFile section */
		E127F3BD1E1CDCC800AC5C81 /* SPFastPush.m in Sources */ = {isa = PBXBuildFile; fileRef = E127F3BC1E1CDCC800AC5C81 /* SPFastPush.m */; };
		E16B7D5E1E15427A00A13892 /* main.m in Sources */ = {isa = PBXBuildFile; fileRef = E16B7D5D1E15427A00A13892 /* main.m */; };
		E16B7D611E15427A00A13892 /* AppDelegate.m in Sources */ = {isa = PBXBuildFile; fileRef = E16B7D601E15427A00A13892 /* AppDelegate.m */; };
		E16B7D641E15427A00A13892 /* MainVC.m in Sources */ = {isa = PBXBuildFile; fileRef = E16B7D631E15427A00A13892 /* MainVC.m */; };
		E16B7D671E15427A00A13892 /* Main.storyboard in Resources */ = {isa = PBXBuildFile; fileRef = E16B7D651E15427A00A13892 /* Main.storyboard */; };
		E16B7D691E15427A00A13892 /* Assets.xcassets in Resources */ = {isa = PBXBuildFile; fileRef = E16B7D681E15427A00A13892 /* Assets.xcassets */; };
		E16B7D6C1E15427A00A13892 /* LaunchScreen.storyboard in Resources */ = {isa = PBXBuildFile; fileRef = E16B7D6A1E15427A00A13892 /* LaunchScreen.storyboard */; };
		E1723A981E1651240059FB46 /* OtherVC.m in Sources */ = {isa = PBXBuildFile; fileRef = E1723A971E1651240059FB46 /* OtherVC.m */; };
		E17B28C41E1BB53C00BA4429 /* UINavigationController+Fast.m in Sources */ = {isa = PBXBuildFile; fileRef = E17B28C31E1BB53C00BA4429 /* UINavigationController+Fast.m */; };
		E17B28C71E1BEC1E00BA4429 /* ThirdVC.m in Sources */ = {isa = PBXBuildFile; fileRef = E17B28C61E1BEC1E00BA4429 /* ThirdVC.m */; };
/* End PBXBuildFile section */

/* Begin PBXFileReference section */
		E127F3BB1E1CDCC800AC5C81 /* SPFastPush.h */ = {isa = PBXFileReference; fileEncoding = 4; lastKnownFileType = sourcecode.c.h; path = SPFastPush.h; sourceTree = "<group>"; };
		E127F3BC1E1CDCC800AC5C81 /* SPFastPush.m */ = {isa = PBXFileReference; fileEncoding = 4; lastKnownFileType = sourcecode.c.objc; path = SPFastPush.m; sourceTree = "<group>"; };
		E16B7D591E15427A00A13892 /* SPPushVC.app */ = {isa = PBXFileReference; explicitFileType = wrapper.application; includeInIndex = 0; path = SPPushVC.app; sourceTree = BUILT_PRODUCTS_DIR; };
		E16B7D5D1E15427A00A13892 /* main.m */ = {isa = PBXFileReference; lastKnownFileType = sourcecode.c.objc; path = main.m; sourceTree = "<group>"; };
		E16B7D5F1E15427A00A13892 /* AppDelegate.h */ = {isa = PBXFileReference; lastKnownFileType = sourcecode.c.h; path = AppDelegate.h; sourceTree = "<group>"; };
		E16B7D601E15427A00A13892 /* AppDelegate.m */ = {isa = PBXFileReference; lastKnownFileType = sourcecode.c.objc; path = AppDelegate.m; sourceTree = "<group>"; };
		E16B7D621E15427A00A13892 /* MainVC.h */ = {isa = PBXFileReference; lastKnownFileType = sourcecode.c.h; path = MainVC.h; sourceTree = "<group>"; };
		E16B7D631E15427A00A13892 /* MainVC.m */ = {isa = PBXFileReference; lastKnownFileType = sourcecode.c.objc; path = MainVC.m; sourceTree = "<group>"; };
		E16B7D661E15427A00A13892 /* Base */ = {isa = PBXFileReference; lastKnownFileType = file.storyboard; name = Base; path = Base.lproj/Main.storyboard; sourceTree = "<group>"; };
		E16B7D681E15427A00A13892 /* Assets.xcassets */ = {isa = PBXFileReference; lastKnownFileType = folder.assetcatalog; path = Assets.xcassets; sourceTree = "<group>"; };
		E16B7D6B1E15427A00A13892 /* Base */ = {isa = PBXFileReference; lastKnownFileType = file.storyboard; name = Base; path = Base.lproj/LaunchScreen.storyboard; sourceTree = "<group>"; };
		E16B7D6D1E15427A00A13892 /* Info.plist */ = {isa = PBXFileReference; lastKnownFileType = text.plist.xml; path = Info.plist; sourceTree = "<group>"; };
		E1723A961E1651240059FB46 /* OtherVC.h */ = {isa = PBXFileReference; fileEncoding = 4; lastKnownFileType = sourcecode.c.h; path = OtherVC.h; sourceTree = "<group>"; };
		E1723A971E1651240059FB46 /* OtherVC.m */ = {isa = PBXFileReference; fileEncoding = 4; lastKnownFileType = sourcecode.c.objc; path = OtherVC.m; sourceTree = "<group>"; };
		E17B28C21E1BB53C00BA4429 /* UINavigationController+Fast.h */ = {isa = PBXFileReference; fileEncoding = 4; lastKnownFileType = sourcecode.c.h; path = "UINavigationController+Fast.h"; sourceTree = "<group>"; };
		E17B28C31E1BB53C00BA4429 /* UINavigationController+Fast.m */ = {isa = PBXFileReference; fileEncoding = 4; lastKnownFileType = sourcecode.c.objc; path = "UINavigationController+Fast.m"; sourceTree = "<group>"; };
		E17B28C51E1BEC1E00BA4429 /* ThirdVC.h */ = {isa = PBXFileReference; fileEncoding = 4; lastKnownFileType = sourcecode.c.h; path = ThirdVC.h; sourceTree = "<group>"; };
		E17B28C61E1BEC1E00BA4429 /* ThirdVC.m */ = {isa = PBXFileReference; fileEncoding = 4; lastKnownFileType = sourcecode.c.objc; path = ThirdVC.m; sourceTree = "<group>"; };
/* End PBXFileReference section */

/* Begin PBXFrameworksBuildPhase section */
		E16B7D561E15427A00A13892 /* Frameworks */ = {
			isa = PBXFrameworksBuildPhase;
			buildActionMask = 2147483647;
			files = (
			);
			runOnlyForDeploymentPostprocessing = 0;
		};
/* End PBXFrameworksBuildPhase section */

/* Begin PBXGroup section */
		E127F3BA1E1CDCC800AC5C81 /* SPFastPush */ = {
			isa = PBXGroup;
			children = (
				E127F3BB1E1CDCC800AC5C81 /* SPFastPush.h */,
				E127F3BC1E1CDCC800AC5C81 /* SPFastPush.m */,
			);
			path = SPFastPush;
			sourceTree = "<group>";
		};
		E16B7D501E15427A00A13892 = {
			isa = PBXGroup;
			children = (
				E16B7D5B1E15427A00A13892 /* SPPushVC */,
				E16B7D5A1E15427A00A13892 /* Products */,
			);
			sourceTree = "<group>";
		};
		E16B7D5A1E15427A00A13892 /* Products */ = {
			isa = PBXGroup;
			children = (
				E16B7D591E15427A00A13892 /* SPPushVC.app */,
			);
			name = Products;
			sourceTree = "<group>";
		};
		E16B7D5B1E15427A00A13892 /* SPPushVC */ = {
			isa = PBXGroup;
			children = (
				E127F3BA1E1CDCC800AC5C81 /* SPFastPush */,
				E17B28C21E1BB53C00BA4429 /* UINavigationController+Fast.h */,
				E17B28C31E1BB53C00BA4429 /* UINavigationController+Fast.m */,
				E16B7D5F1E15427A00A13892 /* AppDelegate.h */,
				E16B7D601E15427A00A13892 /* AppDelegate.m */,
				E16B7D621E15427A00A13892 /* MainVC.h */,
				E16B7D631E15427A00A13892 /* MainVC.m */,
				E16B7D651E15427A00A13892 /* Main.storyboard */,
				E16B7D681E15427A00A13892 /* Assets.xcassets */,
				E16B7D6A1E15427A00A13892 /* LaunchScreen.storyboard */,
				E16B7D6D1E15427A00A13892 /* Info.plist */,
				E16B7D5C1E15427A00A13892 /* Supporting Files */,
				E1723A961E1651240059FB46 /* OtherVC.h */,
				E1723A971E1651240059FB46 /* OtherVC.m */,
				E17B28C51E1BEC1E00BA4429 /* ThirdVC.h */,
				E17B28C61E1BEC1E00BA4429 /* ThirdVC.m */,
			);
			path = SPPushVC;
			sourceTree = "<group>";
		};
		E16B7D5C1E15427A00A13892 /* Supporting Files */ = {
			isa = PBXGroup;
			children = (
				E16B7D5D1E15427A00A13892 /* main.m */,
			);
			name = "Supporting Files";
			sourceTree = "<group>";
		};
/* End PBXGroup section */

/* Begin PBXNativeTarget section */
		E16B7D581E15427A00A13892 /* SPPushVC */ = {
			isa = PBXNativeTarget;
			buildConfigurationList = E16B7D701E15427A00A13892 /* Build configuration list for PBXNativeTarget "SPPushVC" */;
			buildPhases = (
				E16B7D551E15427A00A13892 /* Sources */,
				E16B7D561E15427A00A13892 /* Frameworks */,
				E16B7D571E15427A00A13892 /* Resources */,
			);
			buildRules = (
			);
			dependencies = (
			);
			name = SPPushVC;
			productName = SPPushVC;
			productReference = E16B7D591E15427A00A13892 /* SPPushVC.app */;
			productType = "com.apple.product-type.application";
		};
/* End PBXNativeTarget section */

/* Begin PBXProject section */
		E16B7D511E15427A00A13892 /* Project object */ = {
			isa = PBXProject;
			attributes = {
				LastUpgradeCheck = 0800;
				ORGANIZATIONNAME = lishiping;
				TargetAttributes = {
					E16B7D581E15427A00A13892 = {
						CreatedOnToolsVersion = 7.3;
						DevelopmentTeam = 59R6D7WJ6M;
					};
				};
			};
			buildConfigurationList = E16B7D541E15427A00A13892 /* Build configuration list for PBXProject "SPPushVC" */;
			compatibilityVersion = "Xcode 3.2";
			developmentRegion = English;
			hasScannedForEncodings = 0;
			knownRegions = (
				en,
				Base,
			);
			mainGroup = E16B7D501E15427A00A13892;
			productRefGroup = E16B7D5A1E15427A00A13892 /* Products */;
			projectDirPath = "";
			projectRoot = "";
			targets = (
				E16B7D581E15427A00A13892 /* SPPushVC */,
			);
		};
/* End PBXProject section */

/* Begin PBXResourcesBuildPhase section */
		E16B7D571E15427A00A13892 /* Resources */ = {
			isa = PBXResourcesBuildPhase;
			buildActionMask = 2147483647;
			files = (
				E16B7D6C1E15427A00A13892 /* LaunchScreen.storyboard in Resources */,
				E16B7D691E15427A00A13892 /* Assets.xcassets in Resources */,
				E16B7D671E15427A00A13892 /* Main.storyboard in Resources */,
			);
			runOnlyForDeploymentPostprocessing = 0;
		};
/* End PBXResourcesBuildPhase section */

/* Begin PBXSourcesBuildPhase section */
		E16B7D551E15427A00A13892 /* Sources */ = {
			isa = PBXSourcesBuildPhase;
			buildActionMask = 2147483647;
			files = (
				E17B28C71E1BEC1E00BA4429 /* ThirdVC.m in Sources */,
				E1723A981E1651240059FB46 /* OtherVC.m in Sources */,
				E127F3BD1E1CDCC800AC5C81 /* SPFastPush.m in Sources */,
				E17B28C41E1BB53C00BA4429 /* UINavigationController+Fast.m in Sources */,
				E16B7D641E15427A00A13892 /* MainVC.m in Sources */,
				E16B7D611E15427A00A13892 /* AppDelegate.m in Sources */,
				E16B7D5E1E15427A00A13892 /* main.m in Sources */,
			);
			runOnlyForDeploymentPostprocessing = 0;
		};
/* End PBXSourcesBuildPhase section */

/* Begin PBXVariantGroup section */
		E16B7D651E15427A00A13892 /* Main.storyboard */ = {
			isa = PBXVariantGroup;
			children = (
				E16B7D661E15427A00A13892 /* Base */,
			);
			name = Main.storyboard;
			sourceTree = "<group>";
		};
		E16B7D6A1E15427A00A13892 /* LaunchScreen.storyboard */ = {
			isa = PBXVariantGroup;
			children = (
				E16B7D6B1E15427A00A13892 /* Base */,
			);
			name = LaunchScreen.storyboard;
			sourceTree = "<group>";
		};
/* End PBXVariantGroup section */

/* Begin XCBuildConfiguration section */
		E16B7D6E1E15427A00A13892 /* Debug */ = {
			isa = XCBuildConfiguration;
			buildSettings = {
				ALWAYS_SEARCH_USER_PATHS = NO;
				CLANG_ANALYZER_NONNULL = YES;
				CLANG_CXX_LANGUAGE_STANDARD = "gnu++0x";
				CLANG_CXX_LIBRARY = "libc++";
				CLANG_ENABLE_MODULES = YES;
				CLANG_ENABLE_OBJC_ARC = YES;
				CLANG_WARN_BOOL_CONVERSION = YES;
				CLANG_WARN_CONSTANT_CONVERSION = YES;
				CLANG_WARN_DIRECT_OBJC_ISA_USAGE = YES_ERROR;
				CLANG_WARN_EMPTY_BODY = YES;
				CLANG_WARN_ENUM_CONVERSION = YES;
				CLANG_WARN_INFINITE_RECURSION = YES;
				CLANG_WARN_INT_CONVERSION = YES;
				CLANG_WARN_OBJC_ROOT_CLASS = YES_ERROR;
				CLANG_WARN_SUSPICIOUS_MOVE = YES;
				CLANG_WARN_UNREACHABLE_CODE = YES;
				CLANG_WARN__DUPLICATE_METHOD_MATCH = YES;
				"CODE_SIGN_IDENTITY[sdk=iphoneos*]" = "iPhone Developer";
				COPY_PHASE_STRIP = NO;
				DEBUG_INFORMATION_FORMAT = dwarf;
				ENABLE_STRICT_OBJC_MSGSEND = YES;
				ENABLE_TESTABILITY = YES;
				GCC_C_LANGUAGE_STANDARD = gnu99;
				GCC_DYNAMIC_NO_PIC = NO;
				GCC_NO_COMMON_BLOCKS = YES;
				GCC_OPTIMIZATION_LEVEL = 0;
				GCC_PREPROCESSOR_DEFINITIONS = (
					"DEBUG=1",
					"$(inherited)",
				);
				GCC_WARN_64_TO_32_BIT_CONVERSION = YES;
				GCC_WARN_ABOUT_RETURN_TYPE = YES_ERROR;
				GCC_WARN_UNDECLARED_SELECTOR = YES;
				GCC_WARN_UNINITIALIZED_AUTOS = YES_AGGRESSIVE;
				GCC_WARN_UNUSED_FUNCTION = YES;
				GCC_WARN_UNUSED_VARIABLE = YES;
				IPHONEOS_DEPLOYMENT_TARGET = 8.0;
				MTL_ENABLE_DEBUG_INFO = YES;
				ONLY_ACTIVE_ARCH = YES;
				SDKROOT = iphoneos;
			};
			name = Debug;
		};
		E16B7D6F1E15427A00A13892 /* Release */ = {
			isa = XCBuildConfiguration;
			buildSettings = {
				ALWAYS_SEARCH_USER_PATHS = NO;
				CLANG_ANALYZER_NONNULL = YES;
				CLANG_CXX_LANGUAGE_STANDARD = "gnu++0x";
				CLANG_CXX_LIBRARY = "libc++";
				CLANG_ENABLE_MODULES = YES;
				CLANG_ENABLE_OBJC_ARC = YES;
				CLANG_WARN_BOOL_CONVERSION = YES;
				CLANG_WARN_CONSTANT_CONVERSION = YES;
				CLANG_WARN_DIRECT_OBJC_ISA_USAGE = YES_ERROR;
				CLANG_WARN_EMPTY_BODY = YES;
				CLANG_WARN_ENUM_CONVERSION = YES;
				CLANG_WARN_INFINITE_RECURSION = YES;
				CLANG_WARN_INT_CONVERSION = YES;
				CLANG_WARN_OBJC_ROOT_CLASS = YES_ERROR;
				CLANG_WARN_SUSPICIOUS_MOVE = YES;
				CLANG_WARN_UNREACHABLE_CODE = YES;
				CLANG_WARN__DUPLICATE_METHOD_MATCH = YES;
				"CODE_SIGN_IDENTITY[sdk=iphoneos*]" = "iPhone Developer";
				COPY_PHASE_STRIP = NO;
				DEBUG_INFORMATION_FORMAT = "dwarf-with-dsym";
				ENABLE_NS_ASSERTIONS = NO;
				ENABLE_STRICT_OBJC_MSGSEND = YES;
				GCC_C_LANGUAGE_STANDARD = gnu99;
				GCC_NO_COMMON_BLOCKS = YES;
				GCC_WARN_64_TO_32_BIT_CONVERSION = YES;
				GCC_WARN_ABOUT_RETURN_TYPE = YES_ERROR;
				GCC_WARN_UNDECLARED_SELECTOR = YES;
				GCC_WARN_UNINITIALIZED_AUTOS = YES_AGGRESSIVE;
				GCC_WARN_UNUSED_FUNCTION = YES;
				GCC_WARN_UNUSED_VARIABLE = YES;
				IPHONEOS_DEPLOYMENT_TARGET = 8.0;
				MTL_ENABLE_DEBUG_INFO = NO;
				SDKROOT = iphoneos;
				VALIDATE_PRODUCT = YES;
			};
			name = Release;
		};
		E16B7D711E15427A00A13892 /* Debug */ = {
			isa = XCBuildConfiguration;
			buildSettings = {
				ASSETCATALOG_COMPILER_APPICON_NAME = AppIcon;
				DEVELOPMENT_TEAM = 59R6D7WJ6M;
				INFOPLIST_FILE = SPPushVC/Info.plist;
				IPHONEOS_DEPLOYMENT_TARGET = 8.0;
				LD_RUNPATH_SEARCH_PATHS = "$(inherited) @executable_path/Frameworks";
				PRODUCT_BUNDLE_IDENTIFIER = lishping.SPPushVC;
				PRODUCT_NAME = "$(TARGET_NAME)";
			};
			name = Debug;
		};
		E16B7D721E15427A00A13892 /* Release */ = {
			isa = XCBuildConfiguration;
			buildSettings = {
				ASSETCATALOG_COMPILER_APPICON_NAME = AppIcon;
				DEVELOPMENT_TEAM = 59R6D7WJ6M;
				INFOPLIST_FILE = SPPushVC/Info.plist;
				IPHONEOS_DEPLOYMENT_TARGET = 8.0;
				LD_RUNPATH_SEARCH_PATHS = "$(inherited) @executable_path/Frameworks";
				PRODUCT_BUNDLE_IDENTIFIER = lishping.SPPushVC;
				PRODUCT_NAME = "$(TARGET_NAME)";
			};
			name = Release;
		};
/* End XCBuildConfiguration section */

/* Begin XCConfigurationList section */
		E16B7D541E15427A00A13892 /* Build configuration list for PBXProject "SPPushVC" */ = {
			isa = XCConfigurationList;
			buildConfigurations = (
				E16B7D6E1E15427A00A13892 /* Debug */,
				E16B7D6F1E15427A00A13892 /* Release */,
			);
			defaultConfigurationIsVisible = 0;
			defaultConfigurationName = Release;
		};
		E16B7D701E15427A00A13892 /* Build configuration list for PBXNativeTarget "SPPushVC" */ = {
			isa = XCConfigurationList;
			buildConfigurations = (
				E16B7D711E15427A00A13892 /* Debug */,
				E16B7D721E15427A00A13892 /* Release */,
			);
			defaultConfigurationIsVisible = 0;
			defaultConfigurationName = Release;
		};
/* End XCConfigurationList section */
	};
	rootObject = E16B7D511E15427A00A13892 /* Project object */;
}
